// !$*UTF8*$!
{
	archiveVersion = 1;
	classes = {
	};
	objectVersion = 56;
	objects = {

/* Begin PBXBuildFile section */
		F76E6A182B467C8A00B92BE3 /* SettingsObject.swift in Sources */ = {isa = PBXBuildFile; fileRef = F76E6A172B467C8A00B92BE3 /* SettingsObject.swift */; };
		F78063D32B1FAF4B00D8C2FE /* NovelGameSampleApp.swift in Sources */ = {isa = PBXBuildFile; fileRef = F78063D22B1FAF4B00D8C2FE /* NovelGameSampleApp.swift */; };
		F78063D52B1FAF4B00D8C2FE /* GameView.swift in Sources */ = {isa = PBXBuildFile; fileRef = F78063D42B1FAF4B00D8C2FE /* GameView.swift */; };
		F78063D72B1FAF4C00D8C2FE /* Assets.xcassets in Resources */ = {isa = PBXBuildFile; fileRef = F78063D62B1FAF4C00D8C2FE /* Assets.xcassets */; };
		F78063DB2B1FAF4C00D8C2FE /* Preview Assets.xcassets in Resources */ = {isa = PBXBuildFile; fileRef = F78063DA2B1FAF4C00D8C2FE /* Preview Assets.xcassets */; };
		F78063E22B202F7F00D8C2FE /* SettingsView.swift in Sources */ = {isa = PBXBuildFile; fileRef = F78063E12B202F7F00D8C2FE /* SettingsView.swift */; };
		F78063E62B20861B00D8C2FE /* Commands.swift in Sources */ = {isa = PBXBuildFile; fileRef = F78063E52B20861B00D8C2FE /* Commands.swift */; };
		F78063E82B21B13F00D8C2FE /* TitleView.swift in Sources */ = {isa = PBXBuildFile; fileRef = F78063E72B21B13F00D8C2FE /* TitleView.swift */; };
		F786FA5D2B41D4AE005C8C72 /* game.json in Resources */ = {isa = PBXBuildFile; fileRef = F78063E92B2221D400D8C2FE /* game.json */; };
		F786FA5E2B41D4B4005C8C72 /* NovelSceneControler.swift in Sources */ = {isa = PBXBuildFile; fileRef = F78063E32B20323600D8C2FE /* NovelSceneControler.swift */; };
/* End PBXBuildFile section */

/* Begin PBXFileReference section */
		F76E6A172B467C8A00B92BE3 /* SettingsObject.swift */ = {isa = PBXFileReference; lastKnownFileType = sourcecode.swift; path = SettingsObject.swift; sourceTree = "<group>"; };
		F78063CF2B1FAF4B00D8C2FE /* Sample Novel Game.app */ = {isa = PBXFileReference; explicitFileType = wrapper.application; includeInIndex = 0; path = "Sample Novel Game.app"; sourceTree = BUILT_PRODUCTS_DIR; };
		F78063D22B1FAF4B00D8C2FE /* NovelGameSampleApp.swift */ = {isa = PBXFileReference; lastKnownFileType = sourcecode.swift; path = NovelGameSampleApp.swift; sourceTree = "<group>"; };
		F78063D42B1FAF4B00D8C2FE /* GameView.swift */ = {isa = PBXFileReference; lastKnownFileType = sourcecode.swift; path = GameView.swift; sourceTree = "<group>"; };
		F78063D62B1FAF4C00D8C2FE /* Assets.xcassets */ = {isa = PBXFileReference; lastKnownFileType = folder.assetcatalog; path = Assets.xcassets; sourceTree = "<group>"; };
		F78063D82B1FAF4C00D8C2FE /* Novel_Game_Sample.entitlements */ = {isa = PBXFileReference; lastKnownFileType = text.plist.entitlements; path = Novel_Game_Sample.entitlements; sourceTree = "<group>"; };
		F78063DA2B1FAF4C00D8C2FE /* Preview Assets.xcassets */ = {isa = PBXFileReference; lastKnownFileType = folder.assetcatalog; path = "Preview Assets.xcassets"; sourceTree = "<group>"; };
		F78063E12B202F7F00D8C2FE /* SettingsView.swift */ = {isa = PBXFileReference; lastKnownFileType = sourcecode.swift; path = SettingsView.swift; sourceTree = "<group>"; };
		F78063E32B20323600D8C2FE /* NovelSceneControler.swift */ = {isa = PBXFileReference; lastKnownFileType = sourcecode.swift; path = NovelSceneControler.swift; sourceTree = "<group>"; };
		F78063E52B20861B00D8C2FE /* Commands.swift */ = {isa = PBXFileReference; lastKnownFileType = sourcecode.swift; path = Commands.swift; sourceTree = "<group>"; };
		F78063E72B21B13F00D8C2FE /* TitleView.swift */ = {isa = PBXFileReference; lastKnownFileType = sourcecode.swift; path = TitleView.swift; sourceTree = "<group>"; };
		F78063E92B2221D400D8C2FE /* game.json */ = {isa = PBXFileReference; lastKnownFileType = text.json; path = game.json; sourceTree = "<group>"; };
/* End PBXFileReference section */

/* Begin PBXFrameworksBuildPhase section */
		F78063CC2B1FAF4B00D8C2FE /* Frameworks */ = {
			isa = PBXFrameworksBuildPhase;
			buildActionMask = 2147483647;
			files = (
			);
			runOnlyForDeploymentPostprocessing = 0;
		};
/* End PBXFrameworksBuildPhase section */

/* Begin PBXGroup section */
		F76E6A162B467B2E00B92BE3 /* Process */ = {
			isa = PBXGroup;
			children = (
				F78063E32B20323600D8C2FE /* NovelSceneControler.swift */,
				F76E6A172B467C8A00B92BE3 /* SettingsObject.swift */,
			);
			path = Process;
			sourceTree = "<group>";
		};
		F78063C62B1FAF4B00D8C2FE = {
			isa = PBXGroup;
			children = (
				F78063D12B1FAF4B00D8C2FE /* Sample Novel Game */,
				F78063D02B1FAF4B00D8C2FE /* Products */,
			);
			sourceTree = "<group>";
		};
		F78063D02B1FAF4B00D8C2FE /* Products */ = {
			isa = PBXGroup;
			children = (
				F78063CF2B1FAF4B00D8C2FE /* Sample Novel Game.app */,
			);
			name = Products;
			sourceTree = "<group>";
		};
		F78063D12B1FAF4B00D8C2FE /* Sample Novel Game */ = {
			isa = PBXGroup;
			children = (
				F78063D22B1FAF4B00D8C2FE /* NovelGameSampleApp.swift */,
				F78063E52B20861B00D8C2FE /* Commands.swift */,
				F78063EB2B2232C000D8C2FE /* UI */,
				F76E6A162B467B2E00B92BE3 /* Process */,
				F78063E92B2221D400D8C2FE /* game.json */,
				F78063D62B1FAF4C00D8C2FE /* Assets.xcassets */,
				F78063D82B1FAF4C00D8C2FE /* Novel_Game_Sample.entitlements */,
				F78063D92B1FAF4C00D8C2FE /* Preview Content */,
			);
			path = "Sample Novel Game";
			sourceTree = "<group>";
		};
		F78063D92B1FAF4C00D8C2FE /* Preview Content */ = {
			isa = PBXGroup;
			children = (
				F78063DA2B1FAF4C00D8C2FE /* Preview Assets.xcassets */,
			);
			path = "Preview Content";
			sourceTree = "<group>";
		};
		F78063EB2B2232C000D8C2FE /* UI */ = {
			isa = PBXGroup;
			children = (
				F78063D42B1FAF4B00D8C2FE /* GameView.swift */,
				F78063E72B21B13F00D8C2FE /* TitleView.swift */,
				F78063E12B202F7F00D8C2FE /* SettingsView.swift */,
			);
			path = UI;
			sourceTree = "<group>";
		};
/* End PBXGroup section */

/* Begin PBXNativeTarget section */
		F78063CE2B1FAF4B00D8C2FE /* Sample Novel Game */ = {
			isa = PBXNativeTarget;
			buildConfigurationList = F78063DE2B1FAF4C00D8C2FE /* Build configuration list for PBXNativeTarget "Sample Novel Game" */;
			buildPhases = (
				F78063CB2B1FAF4B00D8C2FE /* Sources */,
				F78063CC2B1FAF4B00D8C2FE /* Frameworks */,
				F78063CD2B1FAF4B00D8C2FE /* Resources */,
			);
			buildRules = (
			);
			dependencies = (
			);
			name = "Sample Novel Game";
			productName = "Novel Game Sample";
			productReference = F78063CF2B1FAF4B00D8C2FE /* Sample Novel Game.app */;
			productType = "com.apple.product-type.application";
		};
/* End PBXNativeTarget section */

/* Begin PBXProject section */
		F78063C72B1FAF4B00D8C2FE /* Project object */ = {
			isa = PBXProject;
			attributes = {
				BuildIndependentTargetsInParallel = 1;
				LastSwiftUpdateCheck = 1510;
				LastUpgradeCheck = 1510;
				TargetAttributes = {
					F78063CE2B1FAF4B00D8C2FE = {
						CreatedOnToolsVersion = 15.1;
					};
				};
			};
			buildConfigurationList = F78063CA2B1FAF4B00D8C2FE /* Build configuration list for PBXProject "Sample Novel Game" */;
			compatibilityVersion = "Xcode 14.0";
			developmentRegion = en;
			hasScannedForEncodings = 0;
			knownRegions = (
				en,
				Base,
			);
			mainGroup = F78063C62B1FAF4B00D8C2FE;
			productRefGroup = F78063D02B1FAF4B00D8C2FE /* Products */;
			projectDirPath = "";
			projectRoot = "";
			targets = (
				F78063CE2B1FAF4B00D8C2FE /* Sample Novel Game */,
			);
		};
/* End PBXProject section */

/* Begin PBXResourcesBuildPhase section */
		F78063CD2B1FAF4B00D8C2FE /* Resources */ = {
			isa = PBXResourcesBuildPhase;
			buildActionMask = 2147483647;
			files = (
				F78063DB2B1FAF4C00D8C2FE /* Preview Assets.xcassets in Resources */,
				F786FA5D2B41D4AE005C8C72 /* game.json in Resources */,
				F78063D72B1FAF4C00D8C2FE /* Assets.xcassets in Resources */,
			);
			runOnlyForDeploymentPostprocessing = 0;
		};
/* End PBXResourcesBuildPhase section */

/* Begin PBXSourcesBuildPhase section */
		F78063CB2B1FAF4B00D8C2FE /* Sources */ = {
			isa = PBXSourcesBuildPhase;
			buildActionMask = 2147483647;
			files = (
				F76E6A182B467C8A00B92BE3 /* SettingsObject.swift in Sources */,
				F78063E22B202F7F00D8C2FE /* SettingsView.swift in Sources */,
				F786FA5E2B41D4B4005C8C72 /* NovelSceneControler.swift in Sources */,
				F78063D52B1FAF4B00D8C2FE /* GameView.swift in Sources */,
				F78063D32B1FAF4B00D8C2FE /* NovelGameSampleApp.swift in Sources */,
				F78063E62B20861B00D8C2FE /* Commands.swift in Sources */,
				F78063E82B21B13F00D8C2FE /* TitleView.swift in Sources */,
			);
			runOnlyForDeploymentPostprocessing = 0;
		};
/* End PBXSourcesBuildPhase section */

/* Begin XCBuildConfiguration section */
		F78063DC2B1FAF4C00D8C2FE /* Debug */ = {
			isa = XCBuildConfiguration;
			buildSettings = {
				ALWAYS_SEARCH_USER_PATHS = NO;
				ASSETCATALOG_COMPILER_GENERATE_SWIFT_ASSET_SYMBOL_EXTENSIONS = YES;
				CLANG_ANALYZER_NONNULL = YES;
				CLANG_ANALYZER_NUMBER_OBJECT_CONVERSION = YES_AGGRESSIVE;
				CLANG_CXX_LANGUAGE_STANDARD = "gnu++20";
				CLANG_ENABLE_MODULES = YES;
				CLANG_ENABLE_OBJC_ARC = YES;
				CLANG_ENABLE_OBJC_WEAK = YES;
				CLANG_WARN_BLOCK_CAPTURE_AUTORELEASING = YES;
				CLANG_WARN_BOOL_CONVERSION = YES;
				CLANG_WARN_COMMA = YES;
				CLANG_WARN_CONSTANT_CONVERSION = YES;
				CLANG_WARN_DEPRECATED_OBJC_IMPLEMENTATIONS = YES;
				CLANG_WARN_DIRECT_OBJC_ISA_USAGE = YES_ERROR;
				CLANG_WARN_DOCUMENTATION_COMMENTS = YES;
				CLANG_WARN_EMPTY_BODY = YES;
				CLANG_WARN_ENUM_CONVERSION = YES;
				CLANG_WARN_INFINITE_RECURSION = YES;
				CLANG_WARN_INT_CONVERSION = YES;
				CLANG_WARN_NON_LITERAL_NULL_CONVERSION = YES;
				CLANG_WARN_OBJC_IMPLICIT_RETAIN_SELF = YES;
				CLANG_WARN_OBJC_LITERAL_CONVERSION = YES;
				CLANG_WARN_OBJC_ROOT_CLASS = YES_ERROR;
				CLANG_WARN_QUOTED_INCLUDE_IN_FRAMEWORK_HEADER = YES;
				CLANG_WARN_RANGE_LOOP_ANALYSIS = YES;
				CLANG_WARN_STRICT_PROTOTYPES = YES;
				CLANG_WARN_SUSPICIOUS_MOVE = YES;
				CLANG_WARN_UNGUARDED_AVAILABILITY = YES_AGGRESSIVE;
				CLANG_WARN_UNREACHABLE_CODE = YES;
				CLANG_WARN__DUPLICATE_METHOD_MATCH = YES;
				COPY_PHASE_STRIP = NO;
				DEBUG_INFORMATION_FORMAT = dwarf;
				ENABLE_STRICT_OBJC_MSGSEND = YES;
				ENABLE_TESTABILITY = YES;
				ENABLE_USER_SCRIPT_SANDBOXING = YES;
				GCC_C_LANGUAGE_STANDARD = gnu17;
				GCC_DYNAMIC_NO_PIC = NO;
				GCC_NO_COMMON_BLOCKS = YES;
				GCC_OPTIMIZATION_LEVEL = 0;
				GCC_PREPROCESSOR_DEFINITIONS = (
					"DEBUG=1",
					"$(inherited)",
				);
				GCC_WARN_64_TO_32_BIT_CONVERSION = YES;
				GCC_WARN_ABOUT_RETURN_TYPE = YES_ERROR;
				GCC_WARN_UNDECLARED_SELECTOR = YES;
				GCC_WARN_UNINITIALIZED_AUTOS = YES_AGGRESSIVE;
				GCC_WARN_UNUSED_FUNCTION = YES;
				GCC_WARN_UNUSED_VARIABLE = YES;
				LOCALIZATION_PREFERS_STRING_CATALOGS = YES;
				MTL_ENABLE_DEBUG_INFO = INCLUDE_SOURCE;
				MTL_FAST_MATH = YES;
				ONLY_ACTIVE_ARCH = YES;
				SWIFT_ACTIVE_COMPILATION_CONDITIONS = "DEBUG $(inherited)";
				SWIFT_OPTIMIZATION_LEVEL = "-Onone";
			};
			name = Debug;
		};
		F78063DD2B1FAF4C00D8C2FE /* Release */ = {
			isa = XCBuildConfiguration;
			buildSettings = {
				ALWAYS_SEARCH_USER_PATHS = NO;
				ASSETCATALOG_COMPILER_GENERATE_SWIFT_ASSET_SYMBOL_EXTENSIONS = YES;
				CLANG_ANALYZER_NONNULL = YES;
				CLANG_ANALYZER_NUMBER_OBJECT_CONVERSION = YES_AGGRESSIVE;
				CLANG_CXX_LANGUAGE_STANDARD = "gnu++20";
				CLANG_ENABLE_MODULES = YES;
				CLANG_ENABLE_OBJC_ARC = YES;
				CLANG_ENABLE_OBJC_WEAK = YES;
				CLANG_WARN_BLOCK_CAPTURE_AUTORELEASING = YES;
				CLANG_WARN_BOOL_CONVERSION = YES;
				CLANG_WARN_COMMA = YES;
				CLANG_WARN_CONSTANT_CONVERSION = YES;
				CLANG_WARN_DEPRECATED_OBJC_IMPLEMENTATIONS = YES;
				CLANG_WARN_DIRECT_OBJC_ISA_USAGE = YES_ERROR;
				CLANG_WARN_DOCUMENTATION_COMMENTS = YES;
				CLANG_WARN_EMPTY_BODY = YES;
				CLANG_WARN_ENUM_CONVERSION = YES;
				CLANG_WARN_INFINITE_RECURSION = YES;
				CLANG_WARN_INT_CONVERSION = YES;
				CLANG_WARN_NON_LITERAL_NULL_CONVERSION = YES;
				CLANG_WARN_OBJC_IMPLICIT_RETAIN_SELF = YES;
				CLANG_WARN_OBJC_LITERAL_CONVERSION = YES;
				CLANG_WARN_OBJC_ROOT_CLASS = YES_ERROR;
				CLANG_WARN_QUOTED_INCLUDE_IN_FRAMEWORK_HEADER = YES;
				CLANG_WARN_RANGE_LOOP_ANALYSIS = YES;
				CLANG_WARN_STRICT_PROTOTYPES = YES;
				CLANG_WARN_SUSPICIOUS_MOVE = YES;
				CLANG_WARN_UNGUARDED_AVAILABILITY = YES_AGGRESSIVE;
				CLANG_WARN_UNREACHABLE_CODE = YES;
				CLANG_WARN__DUPLICATE_METHOD_MATCH = YES;
				COPY_PHASE_STRIP = NO;
				DEBUG_INFORMATION_FORMAT = "dwarf-with-dsym";
				ENABLE_NS_ASSERTIONS = NO;
				ENABLE_STRICT_OBJC_MSGSEND = YES;
				ENABLE_USER_SCRIPT_SANDBOXING = YES;
				GCC_C_LANGUAGE_STANDARD = gnu17;
				GCC_NO_COMMON_BLOCKS = YES;
				GCC_WARN_64_TO_32_BIT_CONVERSION = YES;
				GCC_WARN_ABOUT_RETURN_TYPE = YES_ERROR;
				GCC_WARN_UNDECLARED_SELECTOR = YES;
				GCC_WARN_UNINITIALIZED_AUTOS = YES_AGGRESSIVE;
				GCC_WARN_UNUSED_FUNCTION = YES;
				GCC_WARN_UNUSED_VARIABLE = YES;
				LOCALIZATION_PREFERS_STRING_CATALOGS = YES;
				MTL_ENABLE_DEBUG_INFO = NO;
				MTL_FAST_MATH = YES;
				SWIFT_COMPILATION_MODE = wholemodule;
			};
			name = Release;
		};
		F78063DF2B1FAF4C00D8C2FE /* Debug */ = {
			isa = XCBuildConfiguration;
			buildSettings = {
				ASSETCATALOG_COMPILER_APPICON_NAME = AppIcon;
				ASSETCATALOG_COMPILER_GLOBAL_ACCENT_COLOR_NAME = AccentColor;
				CODE_SIGN_ENTITLEMENTS = "Sample Novel Game/Novel_Game_Sample.entitlements";
				CODE_SIGN_STYLE = Automatic;
				CURRENT_PROJECT_VERSION = 1;
				DEVELOPMENT_ASSET_PATHS = "\"Sample Novel Game/Preview Content\"";
				DEVELOPMENT_TEAM = 7AA87AZ875;
				ENABLE_HARDENED_RUNTIME = YES;
				ENABLE_PREVIEWS = YES;
				GENERATE_INFOPLIST_FILE = YES;
				"INFOPLIST_KEY_UIApplicationSceneManifest_Generation[sdk=iphoneos*]" = YES;
				"INFOPLIST_KEY_UIApplicationSceneManifest_Generation[sdk=iphonesimulator*]" = YES;
				"INFOPLIST_KEY_UIApplicationSupportsIndirectInputEvents[sdk=iphoneos*]" = YES;
				"INFOPLIST_KEY_UIApplicationSupportsIndirectInputEvents[sdk=iphonesimulator*]" = YES;
				"INFOPLIST_KEY_UILaunchScreen_Generation[sdk=iphoneos*]" = YES;
				"INFOPLIST_KEY_UILaunchScreen_Generation[sdk=iphonesimulator*]" = YES;
				"INFOPLIST_KEY_UIStatusBarStyle[sdk=iphoneos*]" = UIStatusBarStyleDefault;
				"INFOPLIST_KEY_UIStatusBarStyle[sdk=iphonesimulator*]" = UIStatusBarStyleDefault;
				INFOPLIST_KEY_UISupportedInterfaceOrientations = "UIInterfaceOrientationLandscapeLeft UIInterfaceOrientationLandscapeRight";
				IPHONEOS_DEPLOYMENT_TARGET = 17.0;
				LD_RUNPATH_SEARCH_PATHS = "@executable_path/Frameworks";
				"LD_RUNPATH_SEARCH_PATHS[sdk=macosx*]" = "@executable_path/../Frameworks";
				MACOSX_DEPLOYMENT_TARGET = 14.0;
				MARKETING_VERSION = 1.0;
				PRODUCT_BUNDLE_IDENTIFIER = "com.KCs-NovelGameSample-1.Novel-Game-Sample";
				PRODUCT_NAME = "$(TARGET_NAME)";
				SDKROOT = auto;
				SUPPORTED_PLATFORMS = "iphoneos iphonesimulator macosx xros xrsimulator";
				SUPPORTS_MACCATALYST = NO;
				SWIFT_EMIT_LOC_STRINGS = YES;
				SWIFT_VERSION = 5.0;
				TARGETED_DEVICE_FAMILY = "1,2,7";
			};
			name = Debug;
		};
		F78063E02B1FAF4C00D8C2FE /* Release */ = {
			isa = XCBuildConfiguration;
			buildSettings = {
				ASSETCATALOG_COMPILER_APPICON_NAME = AppIcon;
				ASSETCATALOG_COMPILER_GLOBAL_ACCENT_COLOR_NAME = AccentColor;
				CODE_SIGN_ENTITLEMENTS = "Sample Novel Game/Novel_Game_Sample.entitlements";
				CODE_SIGN_STYLE = Automatic;
				CURRENT_PROJECT_VERSION = 1;
				DEVELOPMENT_ASSET_PATHS = "\"Sample Novel Game/Preview Content\"";
				DEVELOPMENT_TEAM = 7AA87AZ875;
				ENABLE_HARDENED_RUNTIME = YES;
				ENABLE_PREVIEWS = YES;
				GENERATE_INFOPLIST_FILE = YES;
				"INFOPLIST_KEY_UIApplicationSceneManifest_Generation[sdk=iphoneos*]" = YES;
				"INFOPLIST_KEY_UIApplicationSceneManifest_Generation[sdk=iphonesimulator*]" = YES;
				"INFOPLIST_KEY_UIApplicationSupportsIndirectInputEvents[sdk=iphoneos*]" = YES;
				"INFOPLIST_KEY_UIApplicationSupportsIndirectInputEvents[sdk=iphonesimulator*]" = YES;
				"INFOPLIST_KEY_UILaunchScreen_Generation[sdk=iphoneos*]" = YES;
				"INFOPLIST_KEY_UILaunchScreen_Generation[sdk=iphonesimulator*]" = YES;
				"INFOPLIST_KEY_UIStatusBarStyle[sdk=iphoneos*]" = UIStatusBarStyleDefault;
				"INFOPLIST_KEY_UIStatusBarStyle[sdk=iphonesimulator*]" = UIStatusBarStyleDefault;
				INFOPLIST_KEY_UISupportedInterfaceOrientations = "UIInterfaceOrientationLandscapeLeft UIInterfaceOrientationLandscapeRight";
				IPHONEOS_DEPLOYMENT_TARGET = 17.0;
				LD_RUNPATH_SEARCH_PATHS = "@executable_path/Frameworks";
				"LD_RUNPATH_SEARCH_PATHS[sdk=macosx*]" = "@executable_path/../Frameworks";
				MACOSX_DEPLOYMENT_TARGET = 14.0;
				MARKETING_VERSION = 1.0;
				PRODUCT_BUNDLE_IDENTIFIER = "com.KCs-NovelGameSample-1.Novel-Game-Sample";
				PRODUCT_NAME = "$(TARGET_NAME)";
				SDKROOT = auto;
				SUPPORTED_PLATFORMS = "iphoneos iphonesimulator macosx xros xrsimulator";
				SUPPORTS_MACCATALYST = NO;
				SWIFT_EMIT_LOC_STRINGS = YES;
				SWIFT_VERSION = 5.0;
				TARGETED_DEVICE_FAMILY = "1,2,7";
			};
			name = Release;
		};
/* End XCBuildConfiguration section */

/* Begin XCConfigurationList section */
		F78063CA2B1FAF4B00D8C2FE /* Build configuration list for PBXProject "Sample Novel Game" */ = {
			isa = XCConfigurationList;
			buildConfigurations = (
				F78063DC2B1FAF4C00D8C2FE /* Debug */,
				F78063DD2B1FAF4C00D8C2FE /* Release */,
			);
			defaultConfigurationIsVisible = 0;
			defaultConfigurationName = Release;
		};
		F78063DE2B1FAF4C00D8C2FE /* Build configuration list for PBXNativeTarget "Sample Novel Game" */ = {
			isa = XCConfigurationList;
			buildConfigurations = (
				F78063DF2B1FAF4C00D8C2FE /* Debug */,
				F78063E02B1FAF4C00D8C2FE /* Release */,
			);
			defaultConfigurationIsVisible = 0;
			defaultConfigurationName = Release;
		};
/* End XCConfigurationList section */
	};
	rootObject = F78063C72B1FAF4B00D8C2FE /* Project object */;
}
